
Microsoft Visual Studio Solution File, Format Version 12.00
# Visual Studio Version 16
VisualStudioVersion = 16.0.810.7
MinimumVisualStudioVersion = 10.0.40219.1
Project("{FAE04EC0-301F-11D3-BF4B-00C04F79EFBC}") = "Classing", "Classing\Classing.csproj", "{7691A09A-0EFE-40F7-ABA2-F604B459FC2C}"
EndProject
Project("{FAE04EC0-301F-11D3-BF4B-00C04F79EFBC}") = "ClassingTests", "ClassingTests\ClassingTests.csproj", "{8F22FC5F-0CDF-42FB-A08E-B2D5F6380C4B}"
EndProject
Global
	GlobalSection(SolutionConfigurationPlatforms) = preSolution
		Debug|Any CPU = Debug|Any CPU
		Release|Any CPU = Release|Any CPU
	EndGlobalSection
	GlobalSection(ProjectConfigurationPlatforms) = postSolution
		{7691A09A-0EFE-40F7-ABA2-F604B459FC2C}.Debug|Any CPU.ActiveCfg = Debug|Any CPU
		{7691A09A-0EFE-40F7-ABA2-F604B459FC2C}.Debug|Any CPU.Build.0 = Debug|Any CPU
		{7691A09A-0EFE-40F7-ABA2-F604B459FC2C}.Release|Any CPU.ActiveCfg = Release|Any CPU
		{7691A09A-0EFE-40F7-ABA2-F604B459FC2C}.Release|Any CPU.Build.0 = Release|Any CPU
		{8F22FC5F-0CDF-42FB-A08E-B2D5F6380C4B}.Debug|Any CPU.ActiveCfg = Debug|Any CPU
		{8F22FC5F-0CDF-42FB-A08E-B2D5F6380C4B}.Debug|Any CPU.Build.0 = Debug|Any CPU
		{8F22FC5F-0CDF-42FB-A08E-B2D5F6380C4B}.Release|Any CPU.ActiveCfg = Release|Any CPU
		{8F22FC5F-0CDF-42FB-A08E-B2D5F6380C4B}.Release|Any CPU.Build.0 = Release|Any CPU
	EndGlobalSection
	GlobalSection(SolutionProperties) = preSolution
		HideSolutionNode = FALSE
	EndGlobalSection
	GlobalSection(ExtensibilityGlobals) = postSolution
		SolutionGuid = {5CDB96D5-811C-40BE-8AFF-C4AA3B035C25}
	EndGlobalSection
EndGlobal
